{
  "version": 2,
  "dependencies": {
    "native,Version=v0.0": {
      "WixToolset.UI.wixext": {
        "type": "Direct",
        "requested": "[6.0.2, )",
        "resolved": "6.0.2",
        "contentHash": "1Hq+Kp4WTb9TLRLRpv/iGod6MnNadz1ZrmY1USS6SL/WVxFuiBvQVGGLXrcdQld9J7oVWCZ8k9eMFtaYJOJ5AQ=="
      },
      "WixToolset.Util.wixext": {
        "type": "Direct",
        "requested": "[6.0.2, )",
        "resolved": "6.0.2",
        "contentHash": "plP64ub/0KjNbtLeaeiibVCPkKfr439WTKZmTwVSoQ4fznLHBZLsE0+wcyk6dA5cQuQsD5hlmnVGTKgPioiusQ=="
      }
    }
  }
}