{
  "version": 2,
  "dependencies": {
    "net10.0": {
      "Google.Protobuf": {
        "type": "Direct",
        "requested": "[3.34.0, )",
        "resolved": "3.34.0",
        "contentHash": "a5US9akiNczS5kC7qBqYqJmnxHVQDITZD6GRRbwGHk/oa17EwOGE3PHIWFVeHTqCctq8mVjLSelwsxCkYYBinA=="
      },
      "Grpc.Tools": {
        "type": "Direct",
        "requested": "[2.78.0, )",
        "resolved": "2.78.0",
        "contentHash": "6jPG2gHon+w2PczW8jjrCRnW/g9eEfCdd7aK6mDooptWtuPsV3ZxAwKKEx7LGEDVoT4c2SViRl8Yu3L1XiWIIg=="
      },
      "Microsoft.AspNetCore.Authorization": {
        "type": "Direct",
        "requested": "[10.0.3, )",
        "resolved": "10.0.3",
        "contentHash": "pqm2ivtD2bj5f+4KnrGmJsD/iDZkMnJnK/uW/p1bpqKCR316TyWqyhhS5znLGw7QpX2fAWhXU+uQo1Cb89bedA==",
        "dependencies": {
          "Microsoft.AspNetCore.Metadata": "10.0.3",
          "Microsoft.Extensions.Diagnostics": "10.0.3",
          "Microsoft.Extensions.Logging.Abstractions": "10.0.3",
          "Microsoft.Extensions.Options": "10.0.3"
        }
      },
      "Microsoft.Extensions.Configuration.Json": {
        "type": "Direct",
        "requested": "[10.0.3, )",
        "resolved": "10.0.3",
        "contentHash": "mGGMOA9nkET8OVsQfS41o66eWkckBzNHJK6+5VbLQ2YdyqKphcv27uDZxLf4exSl+5QxLnHkN+W/4qEDgyvCPA==",
        "dependencies": {
          "Microsoft.Extensions.Configuration": "10.0.3",
          "Microsoft.Extensions.Configuration.Abstractions": "10.0.3",
          "Microsoft.Extensions.Configuration.FileExtensions": "10.0.3",
          "Microsoft.Extensions.FileProviders.Abstractions": "10.0.3"
        }
      },
      "Microsoft.IdentityModel.Tokens": {
        "type": "Direct",
        "requested": "[8.16.0, )",
        "resolved": "8.16.0",
        "contentHash": "rtViGJcGsN7WcfUNErwNeQgjuU5cJNl6FDQsfi9TncwO+Epzn0FTfBsg3YuFW1Q0Ch/KPxaVdjLw3/+5Z5ceFQ==",
        "dependencies": {
          "Microsoft.Extensions.Logging.Abstractions": "10.0.0",
          "Microsoft.IdentityModel.Logging": "8.16.0"
        }
      },
      "Microsoft.AspNetCore.Metadata": {
        "type": "Transitive",
        "resolved": "10.0.3",
        "contentHash": "PtLHFABwDpGhpTMxni8z4W0J2b+y2EVFkpZ8K6A092pbdBdlD3yAgxAZhwLxXl2RKBTuVj5TUGc2voDQ/ghpTA=="
      },
      "Microsoft.Extensions.Configuration": {
        "type": "Transitive",
        "resolved": "10.0.3",
        "contentHash": "H1Cjv2xmm7O3iAGmFTcnSM0ZhLQ/7SqefmAvSJoT1PbXoxeYc2fo0mCLn2JlVbr9E6YpoU9q/o0fI9neDJB0xQ==",
        "dependencies": {
          "Microsoft.Extensions.Configuration.Abstractions": "10.0.3",
          "Microsoft.Extensions.Primitives": "10.0.3"
        }
      },
      "Microsoft.Extensions.Configuration.Binder": {
        "type": "Transitive",
        "resolved": "10.0.3",
        "contentHash": "759UhpKaR5Jsll9kXpkft4z/7tpeF7Dw2rTY/9f9JchaSQTpRFNIPkZFZvoo7fFpbjUaqtDlO5aiGpmQrp/EUA==",
        "dependencies": {
          "Microsoft.Extensions.Configuration": "10.0.3",
          "Microsoft.Extensions.Configuration.Abstractions": "10.0.3"
        }
      },
      "Microsoft.Extensions.Configuration.FileExtensions": {
        "type": "Transitive",
        "resolved": "10.0.3",
        "contentHash": "/MLsBbLpwDxsU+7DDNwasf2mKrpMSOWEL377gNZTy5waFkCYvS3GVaLIz6bvikH4rAwHrCOxHw0t/5iCoImYCA==",
        "dependencies": {
          "Microsoft.Extensions.Configuration": "10.0.3",
          "Microsoft.Extensions.Configuration.Abstractions": "10.0.3",
          "Microsoft.Extensions.FileProviders.Abstractions": "10.0.3",
          "Microsoft.Extensions.FileProviders.Physical": "10.0.3",
          "Microsoft.Extensions.Primitives": "10.0.3"
        }
      },
      "Microsoft.Extensions.DependencyInjection.Abstractions": {
        "type": "Transitive",
        "resolved": "10.0.3",
        "contentHash": "bwGMrRcAMWx2s/RDgja97p27rxSz2pEQW0+rX5cWAUWVETVJ/eyxGfjAl8vuG5a+lckWmPIE+vcuaZNVB5YDdw=="
      },
      "Microsoft.Extensions.Diagnostics": {
        "type": "Transitive",
        "resolved": "10.0.3",
        "contentHash": "tc0R6i2T+138taoxFPQXb7Sy/4rtq4ytoJrAt4fNGs6k89mHpEhZnXUNgaFKwwb5Ud5rIUeLC6tfpsuHNwiWqg==",
        "dependencies": {
          "Microsoft.Extensions.Configuration": "10.0.3",
          "Microsoft.Extensions.Diagnostics.Abstractions": "10.0.3",
          "Microsoft.Extensions.Options.ConfigurationExtensions": "10.0.3"
        }
      },
      "Microsoft.Extensions.Diagnostics.Abstractions": {
        "type": "Transitive",
        "resolved": "10.0.3",
        "contentHash": "mQiTzAj7PIJ2A9YXR5QhgulS1fTWhmQc3ckd1Mrf3hKW07d03fBDqx8vVaFw+cRTebDOeB6pNqdWdnRxsi1hBA==",
        "dependencies": {
          "Microsoft.Extensions.DependencyInjection.Abstractions": "10.0.3",
          "Microsoft.Extensions.Options": "10.0.3"
        }
      },
      "Microsoft.Extensions.FileProviders.Abstractions": {
        "type": "Transitive",
        "resolved": "10.0.3",
        "contentHash": "4TD9AXDRsipTmaemwnjt/DM5Ri0de2JzHQhvZ4woBTjUtL4XrPNsMrOk5oiLJAx1gTrE6pOIhxv+lEde5F6CZA==",
        "dependencies": {
          "Microsoft.Extensions.Primitives": "10.0.3"
        }
      },
      "Microsoft.Extensions.FileProviders.Physical": {
        "type": "Transitive",
        "resolved": "10.0.3",
        "contentHash": "8qLl5LXtcj6Z8yPbHAA/a57fvvl9nUCdi59AJFuixcWM4wSuENZ8jjoRATOKs/I4vOi/bDe0d5LqGSSLE634eA==",
        "dependencies": {
          "Microsoft.Extensions.FileProviders.Abstractions": "10.0.3",
          "Microsoft.Extensions.FileSystemGlobbing": "10.0.3",
          "Microsoft.Extensions.Primitives": "10.0.3"
        }
      },
      "Microsoft.Extensions.FileSystemGlobbing": {
        "type": "Transitive",
        "resolved": "10.0.3",
        "contentHash": "oM7pl8uJz8WRPRlh4AGQS61aeV9GOfTu89yqTiRSYyyMuCNVkbNra9zEk7ApyJ/sZrUpbjOZCRHuitCEsTWghg=="
      },
      "Microsoft.Extensions.Options": {
        "type": "Transitive",
        "resolved": "10.0.3",
        "contentHash": "hU6WzGTPvPoLA2ng1ILvWQb3g0qORdlHNsxI8IcPLumJb3suimYUl+bbDzdo1V4KFsvVhnMWzysHpKbZaoDQPQ==",
        "dependencies": {
          "Microsoft.Extensions.DependencyInjection.Abstractions": "10.0.3",
          "Microsoft.Extensions.Primitives": "10.0.3"
        }
      },
      "Microsoft.Extensions.Options.ConfigurationExtensions": {
        "type": "Transitive",
        "resolved": "10.0.3",
        "contentHash": "bn6QoBbbvwmzLIFyxrnL2/e+sqoNUOGbHyfWK9DPONMv1mDCYHm/C7MusYASM31b2lUx6OiDmonb3v+dv5t0nA==",
        "dependencies": {
          "Microsoft.Extensions.Configuration.Abstractions": "10.0.3",
          "Microsoft.Extensions.Configuration.Binder": "10.0.3",
          "Microsoft.Extensions.DependencyInjection.Abstractions": "10.0.3",
          "Microsoft.Extensions.Options": "10.0.3",
          "Microsoft.Extensions.Primitives": "10.0.3"
        }
      },
      "Microsoft.Extensions.Primitives": {
        "type": "Transitive",
        "resolved": "10.0.3",
        "contentHash": "GEcpTwo7sUoLGGNTqV1FZEuL+tTD9m81NX/mh099dqGNna07/UGZShKQNZRw4hv6nlliSUwYQgSYc7OR99Jufg=="
      },
      "Microsoft.IdentityModel.Abstractions": {
        "type": "Transitive",
        "resolved": "8.16.0",
        "contentHash": "gSxKLWRZzBpIsEoeUPkxfywNCCvRvl7hkq146XHPk5vOQc9izSf1I+uL1vh4y2U19QPxd9Z8K/8AdWyxYz2lSg=="
      },
      "Microsoft.IdentityModel.Logging": {
        "type": "Transitive",
        "resolved": "8.16.0",
        "contentHash": "MTzXmETkNQPACR7/XCXM1OGM6oU9RkyibqeJRtO9Ndew2LnGjMf9Atqj2VSf4XC27X0FQycUAlzxxEgQMWn2xQ==",
        "dependencies": {
          "Microsoft.IdentityModel.Abstractions": "8.16.0"
        }
      },
      "werkr.common.configuration": {
        "type": "Project"
      },
      "Microsoft.Extensions.Configuration.Abstractions": {
        "type": "CentralTransitive",
        "requested": "[10.0.3, )",
        "resolved": "10.0.3",
        "contentHash": "xVDHL0+SIgemfh95fTO9cGLe17TWv/ZP0n7m01z8X6pzt2DmQpucioWR/mYZA1sRlkWnkXzfl0JweLNWmE9WMg==",
        "dependencies": {
          "Microsoft.Extensions.Primitives": "10.0.3"
        }
      },
      "Microsoft.Extensions.Logging.Abstractions": {
        "type": "CentralTransitive",
        "requested": "[10.0.3, )",
        "resolved": "10.0.3",
        "contentHash": "lxl0WLk7ROgBFAsjcOYjQ8/DVK+VMszxGBzUhgtQmAsTNldLL5pk9NG/cWTsXHq0lUhUEAtZkEE7jOGOA8bGKQ==",
        "dependencies": {
          "Microsoft.Extensions.DependencyInjection.Abstractions": "10.0.3"
        }
      }
    }
  }
}